
Microsoft Visual Studio Solution File, Format Version 12.00
# Visual Studio 15
Project("{FAE04EC0-301F-11D3-BF4B-00C04F79EFBC}") = "Assembly-CSharp", "Assembly-CSharp.csproj", "{12E82781-E998-9A49-97B3-95E05EE5C3F2}"
EndProject
Project("{FAE04EC0-301F-11D3-BF4B-00C04F79EFBC}") = "Assembly-CSharp-Editor", "Assembly-CSharp-Editor.csproj", "{E6F45A63-9ADA-657F-37A5-3727ECD1F318}"
EndProject
Global
	GlobalSection(SolutionConfigurationPlatforms) = preSolution
		Debug|Any CPU = Debug|Any CPU
		Release|Any CPU = Release|Any CPU
	EndGlobalSection
	GlobalSection(ProjectConfigurationPlatforms) = postSolution
		{12E82781-E998-9A49-97B3-95E05EE5C3F2}.Debug|Any CPU.ActiveCfg = Debug|Any CPU
		{12E82781-E998-9A49-97B3-95E05EE5C3F2}.Debug|Any CPU.Build.0 = Debug|Any CPU
		{12E82781-E998-9A49-97B3-95E05EE5C3F2}.Release|Any CPU.ActiveCfg = Release|Any CPU
		{12E82781-E998-9A49-97B3-95E05EE5C3F2}.Release|Any CPU.Build.0 = Release|Any CPU
		{E6F45A63-9ADA-657F-37A5-3727ECD1F318}.Debug|Any CPU.ActiveCfg = Debug|Any CPU
		{E6F45A63-9ADA-657F-37A5-3727ECD1F318}.Debug|Any CPU.Build.0 = Debug|Any CPU
		{E6F45A63-9ADA-657F-37A5-3727ECD1F318}.Release|Any CPU.ActiveCfg = Release|Any CPU
		{E6F45A63-9ADA-657F-37A5-3727ECD1F318}.Release|Any CPU.Build.0 = Release|Any CPU
	EndGlobalSection
	GlobalSection(SolutionProperties) = preSolution
		HideSolutionNode = FALSE
	EndGlobalSection
EndGlobal
